
Microsoft Visual Studio Solution File, Format Version 12.00
# Visual Studio Version 17
VisualStudioVersion = 17.13.35919.96
MinimumVisualStudioVersion = 10.0.40219.1
Project("{FAE04EC0-301F-11D3-BF4B-00C04F79EFBC}") = "GeniyIdiotNewConsoleApp", "GeniyIdiotNewConsoleApp\GeniyIdiotNewConsoleApp.csproj", "{8AE6EF1E-F107-4885-8EF2-55F7B4E78DA1}"
EndProject
Project("{FAE04EC0-301F-11D3-BF4B-00C04F79EFBC}") = "GeniyIdiotNewWinFormsApp", "GeniyIdiotNewWinFormsApp\GeniyIdiotNewWinFormsApp.csproj", "{6F62ACB7-67B4-4DCA-8B48-3969D01A6A4D}"
EndProject
Global
	GlobalSection(SolutionConfigurationPlatforms) = preSolution
		Debug|Any CPU = Debug|Any CPU
		Release|Any CPU = Release|Any CPU
	EndGlobalSection
	GlobalSection(ProjectConfigurationPlatforms) = postSolution
		{8AE6EF1E-F107-4885-8EF2-55F7B4E78DA1}.Debug|Any CPU.ActiveCfg = Debug|Any CPU
		{8AE6EF1E-F107-4885-8EF2-55F7B4E78DA1}.Debug|Any CPU.Build.0 = Debug|Any CPU
		{8AE6EF1E-F107-4885-8EF2-55F7B4E78DA1}.Release|Any CPU.ActiveCfg = Release|Any CPU
		{8AE6EF1E-F107-4885-8EF2-55F7B4E78DA1}.Release|Any CPU.Build.0 = Release|Any CPU
		{6F62ACB7-67B4-4DCA-8B48-3969D01A6A4D}.Debug|Any CPU.ActiveCfg = Debug|Any CPU
		{6F62ACB7-67B4-4DCA-8B48-3969D01A6A4D}.Debug|Any CPU.Build.0 = Debug|Any CPU
		{6F62ACB7-67B4-4DCA-8B48-3969D01A6A4D}.Release|Any CPU.ActiveCfg = Release|Any CPU
		{6F62ACB7-67B4-4DCA-8B48-3969D01A6A4D}.Release|Any CPU.Build.0 = Release|Any CPU
	EndGlobalSection
	GlobalSection(SolutionProperties) = preSolution
		HideSolutionNode = FALSE
	EndGlobalSection
	GlobalSection(ExtensibilityGlobals) = postSolution
		SolutionGuid = {EFD2F657-E6C8-4A31-ADB8-526A0397115A}
	EndGlobalSection
EndGlobal
